
Microsoft Visual Studio Solution File, Format Version 12.00
# Visual Studio Version 17
VisualStudioVersion = 17.13.35919.96 d17.13
MinimumVisualStudioVersion = 10.0.40219.1
Project("{8BC9CEB8-8B4A-11D0-8D11-00A0C91BC942}") = "Project1", "Project1.vcxproj", "{0C7D09E5-268F-4E44-B88A-EC7161F606B8}"
EndProject
Global
	GlobalSection(SolutionConfigurationPlatforms) = preSolution
		Debug|x64 = Debug|x64
		Debug|x86 = Debug|x86
		Release|x64 = Release|x64
		Release|x86 = Release|x86
	EndGlobalSection
	GlobalSection(ProjectConfigurationPlatforms) = postSolution
		{0C7D09E5-268F-4E44-B88A-EC7161F606B8}.Debug|x64.ActiveCfg = Debug|x64
		{0C7D09E5-268F-4E44-B88A-EC7161F606B8}.Debug|x64.Build.0 = Debug|x64
		{0C7D09E5-268F-4E44-B88A-EC7161F606B8}.Debug|x86.ActiveCfg = Debug|Win32
		{0C7D09E5-268F-4E44-B88A-EC7161F606B8}.Debug|x86.Build.0 = Debug|Win32
		{0C7D09E5-268F-4E44-B88A-EC7161F606B8}.Release|x64.ActiveCfg = Release|x64
		{0C7D09E5-268F-4E44-B88A-EC7161F606B8}.Release|x64.Build.0 = Release|x64
		{0C7D09E5-268F-4E44-B88A-EC7161F606B8}.Release|x86.ActiveCfg = Release|Win32
		{0C7D09E5-268F-4E44-B88A-EC7161F606B8}.Release|x86.Build.0 = Release|Win32
	EndGlobalSection
	GlobalSection(SolutionProperties) = preSolution
		HideSolutionNode = FALSE
	EndGlobalSection
	GlobalSection(ExtensibilityGlobals) = postSolution
		SolutionGuid = {282B6C15-7CDB-42FD-81DB-475FB1196228}
	EndGlobalSection
EndGlobal
